
Microsoft Visual Studio Solution File, Format Version 12.00
# Visual Studio Version 16
VisualStudioVersion = 16.0.32630.194
MinimumVisualStudioVersion = 10.0.40219.1
Project("{2150E333-8FDC-42A3-9474-1A3956D46DE8}") = "Services", "Services", "{D326F226-5194-4F58-84DD-2BA6546F4A49}"
EndProject
Project("{2150E333-8FDC-42A3-9474-1A3956D46DE8}") = "Catalog", "Catalog", "{0534601C-8BAF-496F-8FDE-3CF1825C0DB0}"
EndProject
Project("{FAE04EC0-301F-11D3-BF4B-00C04F79EFBC}") = "Catalog.API", "Services\Catalog\Catalog.API\Catalog.API.csproj", "{F11D5C6A-8E56-47BE-8EF7-3DA1E426E235}"
EndProject
Project("{E53339B2-1760-4266-BCC7-CA923CBCF16C}") = "docker-compose", "docker-compose.dcproj", "{CDD5964F-CE81-4D95-96A4-81272D142081}"
EndProject
Project("{2150E333-8FDC-42A3-9474-1A3956D46DE8}") = "Basket", "Basket", "{B1594DD3-B0B4-480B-8CB0-42604B589FDB}"
EndProject
Project("{FAE04EC0-301F-11D3-BF4B-00C04F79EFBC}") = "Basket.API", "Services\Basket\Basket.API\Basket.API.csproj", "{300377C7-6D84-4384-B4BE-9094689E84CC}"
EndProject
Global
	GlobalSection(SolutionConfigurationPlatforms) = preSolution
		Debug|Any CPU = Debug|Any CPU
		Release|Any CPU = Release|Any CPU
	EndGlobalSection
	GlobalSection(ProjectConfigurationPlatforms) = postSolution
		{F11D5C6A-8E56-47BE-8EF7-3DA1E426E235}.Debug|Any CPU.ActiveCfg = Debug|Any CPU
		{F11D5C6A-8E56-47BE-8EF7-3DA1E426E235}.Debug|Any CPU.Build.0 = Debug|Any CPU
		{F11D5C6A-8E56-47BE-8EF7-3DA1E426E235}.Release|Any CPU.ActiveCfg = Release|Any CPU
		{F11D5C6A-8E56-47BE-8EF7-3DA1E426E235}.Release|Any CPU.Build.0 = Release|Any CPU
		{CDD5964F-CE81-4D95-96A4-81272D142081}.Debug|Any CPU.ActiveCfg = Debug|Any CPU
		{CDD5964F-CE81-4D95-96A4-81272D142081}.Debug|Any CPU.Build.0 = Debug|Any CPU
		{CDD5964F-CE81-4D95-96A4-81272D142081}.Release|Any CPU.ActiveCfg = Release|Any CPU
		{CDD5964F-CE81-4D95-96A4-81272D142081}.Release|Any CPU.Build.0 = Release|Any CPU
		{300377C7-6D84-4384-B4BE-9094689E84CC}.Debug|Any CPU.ActiveCfg = Debug|Any CPU
		{300377C7-6D84-4384-B4BE-9094689E84CC}.Debug|Any CPU.Build.0 = Debug|Any CPU
		{300377C7-6D84-4384-B4BE-9094689E84CC}.Release|Any CPU.ActiveCfg = Release|Any CPU
		{300377C7-6D84-4384-B4BE-9094689E84CC}.Release|Any CPU.Build.0 = Release|Any CPU
	EndGlobalSection
	GlobalSection(SolutionProperties) = preSolution
		HideSolutionNode = FALSE
	EndGlobalSection
	GlobalSection(NestedProjects) = preSolution
		{0534601C-8BAF-496F-8FDE-3CF1825C0DB0} = {D326F226-5194-4F58-84DD-2BA6546F4A49}
		{F11D5C6A-8E56-47BE-8EF7-3DA1E426E235} = {0534601C-8BAF-496F-8FDE-3CF1825C0DB0}
		{B1594DD3-B0B4-480B-8CB0-42604B589FDB} = {D326F226-5194-4F58-84DD-2BA6546F4A49}
		{300377C7-6D84-4384-B4BE-9094689E84CC} = {B1594DD3-B0B4-480B-8CB0-42604B589FDB}
	EndGlobalSection
	GlobalSection(ExtensibilityGlobals) = postSolution
		SolutionGuid = {A104FA43-C33E-4BE4-810B-C9A9B2012B9B}
	EndGlobalSection
EndGlobal
